
Microsoft Visual Studio Solution File, Format Version 12.00
# Visual Studio 2013
VisualStudioVersion = 12.0.21005.1
MinimumVisualStudioVersion = 10.0.40219.1
Project("{FAE04EC0-301F-11D3-BF4B-00C04F79EFBC}") = "APIMATICCalculatorTestcases.PCL", "APIMATICCalculatorTestcases.PCL/APIMATICCalculatorTestcases.PCL.csproj", "{7bf7bcff-c831-406b-ab8e-bc77b8e8bfd4}"
EndProject
Project("{FAE04EC0-301F-11D3-BF4B-00C04F79EFBC}") = "APIMATICCalculatorTestcases.Tests", "APIMATICCalculatorTestcases.Tests/APIMATICCalculatorTestcases.Tests.csproj", "{81c9c490-019d-4490-912a-713dcece3b64}"
EndProject
Global
    GlobalSection(SolutionConfigurationPlatforms) = preSolution
        Debug|Any CPU = Debug|Any CPU
        Release|Any CPU = Release|Any CPU
    EndGlobalSection
    GlobalSection(ProjectConfigurationPlatforms) = postSolution
        {7bf7bcff-c831-406b-ab8e-bc77b8e8bfd4}.Debug|Any CPU.ActiveCfg = Debug|Any CPU
        {7bf7bcff-c831-406b-ab8e-bc77b8e8bfd4}.Debug|Any CPU.Build.0 = Debug|Any CPU
        {7bf7bcff-c831-406b-ab8e-bc77b8e8bfd4}.Release|Any CPU.ActiveCfg = Release|Any CPU
        {7bf7bcff-c831-406b-ab8e-bc77b8e8bfd4}.Release|Any CPU.Build.0 = Release|Any CPU
        {81c9c490-019d-4490-912a-713dcece3b64}.Debug|Any CPU.ActiveCfg = Debug|Any CPU
        {81c9c490-019d-4490-912a-713dcece3b64}.Debug|Any CPU.Build.0 = Debug|Any CPU
        {81c9c490-019d-4490-912a-713dcece3b64}.Release|Any CPU.ActiveCfg = Release|Any CPU
        {81c9c490-019d-4490-912a-713dcece3b64}.Release|Any CPU.Build.0 = Release|Any CPU
    EndGlobalSection
    GlobalSection(SolutionProperties) = preSolution
        HideSolutionNode = FALSE
    EndGlobalSection
EndGlobal
